
Microsoft Visual Studio Solution File, Format Version 11.00
# Visual Studio 2010
Project("{FAE04EC0-301F-11D3-BF4B-00C04F79EFBC}") = "Assembly-CSharp", "Assembly-CSharp.csproj", "{AA29AE3A-C779-694C-502C-06BE09FC9010}"
EndProject
Project("{FAE04EC0-301F-11D3-BF4B-00C04F79EFBC}") = "Assembly-CSharp-Editor", "Assembly-CSharp-Editor.csproj", "{927F0B3D-023C-69BF-0507-BAE16BA0F532}"
EndProject
Global
	GlobalSection(SolutionConfigurationPlatforms) = preSolution
		Debug|Any CPU = Debug|Any CPU
		Release|Any CPU = Release|Any CPU
	EndGlobalSection
	GlobalSection(ProjectConfigurationPlatforms) = postSolution
		{AA29AE3A-C779-694C-502C-06BE09FC9010}.Debug|Any CPU.ActiveCfg = Debug|Any CPU
		{AA29AE3A-C779-694C-502C-06BE09FC9010}.Debug|Any CPU.Build.0 = Debug|Any CPU
		{AA29AE3A-C779-694C-502C-06BE09FC9010}.Release|Any CPU.ActiveCfg = Release|Any CPU
		{AA29AE3A-C779-694C-502C-06BE09FC9010}.Release|Any CPU.Build.0 = Release|Any CPU
		{927F0B3D-023C-69BF-0507-BAE16BA0F532}.Debug|Any CPU.ActiveCfg = Debug|Any CPU
		{927F0B3D-023C-69BF-0507-BAE16BA0F532}.Debug|Any CPU.Build.0 = Debug|Any CPU
		{927F0B3D-023C-69BF-0507-BAE16BA0F532}.Release|Any CPU.ActiveCfg = Release|Any CPU
		{927F0B3D-023C-69BF-0507-BAE16BA0F532}.Release|Any CPU.Build.0 = Release|Any CPU
	EndGlobalSection
	GlobalSection(SolutionProperties) = preSolution
		HideSolutionNode = FALSE
	EndGlobalSection
	GlobalSection(MonoDevelopProperties) = preSolution
		StartupItem = Assembly-CSharp.csproj
	EndGlobalSection
EndGlobal
